{
  "version": 4,
  "terraform_version": "0.13.4",
  "serial": 58,
  "lineage": "117ef65c-b781-0341-2058-8c7035bc113d",
  "outputs": {},
  "resources": [
    {
      "module": "module.aws_entorno",
      "mode": "data",
      "type": "aws_ami",
      "name": "ubuntu",
      "provider": "provider[\"registry.terraform.io/hashicorp/aws\"]",
      "instances": [
        {
          "schema_version": 0,
          "attributes": {
            "architecture": "x86_64",
            "arn": "arn:aws:ec2:us-east-1::image/ami-0c43b23f011ba5061",
            "block_device_mappings": [
              {
                "device_name": "/dev/sda1",
                "ebs": {
                  "delete_on_termination": "true",
                  "encrypted": "false",
                  "iops": "0",
                  "snapshot_id": "snap-0c18d947b49af768a",
                  "volume_size": "8",
                  "volume_type": "gp2"
                },
                "no_device": "",
                "virtual_name": ""
              },
              {
                "device_name": "/dev/sdb",
                "ebs": {},
                "no_device": "",
                "virtual_name": "ephemeral0"
              },
              {
                "device_name": "/dev/sdc",
                "ebs": {},
                "no_device": "",
                "virtual_name": "ephemeral1"
              }
            ],
            "creation_date": "2020-09-25T01:16:05.000Z",
            "description": "Canonical, Ubuntu, 20.04 LTS, amd64 focal image build on 2020-09-24",
            "executable_users": null,
            "filter": [
              {
                "name": "name",
                "values": [
                  "ubuntu/images/hvm-ssd/ubuntu-focal-20.04-amd64-server-*"
                ]
              },
              {
                "name": "virtualization-type",
                "values": [
                  "hvm"
                ]
              }
            ],
            "hypervisor": "xen",
            "id": "ami-0c43b23f011ba5061",
            "image_id": "ami-0c43b23f011ba5061",
            "image_location": "099720109477/ubuntu/images/hvm-ssd/ubuntu-focal-20.04-amd64-server-20200924",
            "image_owner_alias": null,
            "image_type": "machine",
            "kernel_id": null,
            "most_recent": true,
            "name": "ubuntu/images/hvm-ssd/ubuntu-focal-20.04-amd64-server-20200924",
            "name_regex": null,
            "owner_id": "099720109477",
            "owners": [
              "099720109477"
            ],
            "platform": null,
            "product_codes": [],
            "public": true,
            "ramdisk_id": null,
            "root_device_name": "/dev/sda1",
            "root_device_type": "ebs",
            "root_snapshot_id": "snap-0c18d947b49af768a",
            "sriov_net_support": "simple",
            "state": "available",
            "state_reason": {
              "code": "UNSET",
              "message": "UNSET"
            },
            "tags": {},
            "virtualization_type": "hvm"
          }
        }
      ]
    },
    {
      "module": "module.aws_entorno",
      "mode": "managed",
      "type": "aws_instance",
      "name": "web",
      "provider": "provider[\"registry.terraform.io/hashicorp/aws\"]",
      "instances": [
        {
          "schema_version": 1,
          "attributes": {
            "ami": "ami-0c43b23f011ba5061",
            "arn": "arn:aws:ec2:us-east-1:551915360552:instance/i-0ffb9a4ee000ef79b",
            "associate_public_ip_address": true,
            "availability_zone": "us-east-1c",
            "cpu_core_count": 1,
            "cpu_threads_per_core": 2,
            "credit_specification": [
              {
                "cpu_credits": "unlimited"
              }
            ],
            "disable_api_termination": false,
            "ebs_block_device": [],
            "ebs_optimized": false,
            "ephemeral_block_device": [],
            "get_password_data": false,
            "hibernation": false,
            "host_id": null,
            "iam_instance_profile": "",
            "id": "i-0ffb9a4ee000ef79b",
            "instance_initiated_shutdown_behavior": null,
            "instance_state": "running",
            "instance_type": "t3.micro",
            "ipv6_address_count": 0,
            "ipv6_addresses": [],
            "key_name": "key_desarrollo",
            "metadata_options": [
              {
                "http_endpoint": "enabled",
                "http_put_response_hop_limit": 1,
                "http_tokens": "optional"
              }
            ],
            "monitoring": false,
            "network_interface": [],
            "outpost_arn": "",
            "password_data": "",
            "placement_group": "",
            "primary_network_interface_id": "eni-051450ff9fd964f4c",
            "private_dns": "ip-10-60-1-30.ec2.internal",
            "private_ip": "10.60.1.30",
            "public_dns": "",
            "public_ip": "54.82.45.71",
            "root_block_device": [
              {
                "delete_on_termination": true,
                "device_name": "/dev/sda1",
                "encrypted": false,
                "iops": 100,
                "kms_key_id": "",
                "volume_id": "vol-08689ffcbe3dce9ee",
                "volume_size": 8,
                "volume_type": "gp2"
              }
            ],
            "secondary_private_ips": [],
            "security_groups": [],
            "source_dest_check": true,
            "subnet_id": "subnet-0b94d36e4017d8aa2",
            "tags": {
              "Name": "instanciaDes"
            },
            "tenancy": "default",
            "timeouts": null,
            "user_data": null,
            "user_data_base64": null,
            "volume_tags": {},
            "vpc_security_group_ids": [
              "sg-09c536f0c7b64ad43"
            ]
          },
          "private": "eyJlMmJmYjczMC1lY2FhLTExZTYtOGY4OC0zNDM2M2JjN2M0YzAiOnsiY3JlYXRlIjo2MDAwMDAwMDAwMDAsImRlbGV0ZSI6MTIwMDAwMDAwMDAwMCwidXBkYXRlIjo2MDAwMDAwMDAwMDB9LCJzY2hlbWFfdmVyc2lvbiI6IjEifQ==",
          "dependencies": [
            "module.aws_entorno.aws_internet_gateway.gw",
            "module.aws_entorno.aws_security_group.allow_ssh",
            "module.aws_entorno.aws_subnet.subred1",
            "module.aws_entorno.aws_vpc.mivpc",
            "module.aws_entorno.data.aws_ami.ubuntu"
          ]
        }
      ]
    },
    {
      "module": "module.aws_entorno",
      "mode": "managed",
      "type": "aws_internet_gateway",
      "name": "gw",
      "provider": "provider[\"registry.terraform.io/hashicorp/aws\"]",
      "instances": [
        {
          "schema_version": 0,
          "attributes": {
            "arn": "arn:aws:ec2:us-east-1:551915360552:internet-gateway/igw-02ec36195904fee6b",
            "id": "igw-02ec36195904fee6b",
            "owner_id": "551915360552",
            "tags": {
              "Name": "main"
            },
            "vpc_id": "vpc-04004864af0a15114"
          },
          "private": "bnVsbA==",
          "dependencies": [
            "module.aws_entorno.aws_vpc.mivpc"
          ]
        }
      ]
    },
    {
      "module": "module.aws_entorno",
      "mode": "managed",
      "type": "aws_key_pair",
      "name": "keypair",
      "provider": "provider[\"registry.terraform.io/hashicorp/aws\"]",
      "instances": [
        {
          "schema_version": 1,
          "attributes": {
            "arn": "arn:aws:ec2:us-east-1:551915360552:key-pair/key_desarrollo",
            "fingerprint": "0d:74:b9:8a:93:c3:fa:c9:11:c3:6b:be:b2:06:9d:f4",
            "id": "key_desarrollo",
            "key_name": "key_desarrollo",
            "key_name_prefix": null,
            "key_pair_id": "key-0188fb1701780369e",
            "public_key": "ssh-rsa AAAAB3NzaC1yc2EAAAADAQABAAACAQCzAeUn/cjArWP46PuTVHmgtC106SdRngtYFrFhq6JpHvhY3ttQMvQknvGbyd7DtzQnV6KmXRZnnegznVyDha0qF/eIxcy6pKYBldEw/eeR3xCOdKhH7uQMRTo7MyoxL0qyqXYhdfrz5B1uEy5i1styGyOnQEDfqgmzefOOHtMevwiNbC2FG3J8dow2nYh/1r4/GOyC9e1XWJNctJQWqWQge2q4k6I7KnfPY1TDS/2ooZABHmqKW5eGSRHHBDslKXgbplOlELHd5yaiKdRDheQsnB6DT3utURIKlY2KLnFfkcwqz0/HEABaRaZLaYoksBme3wtFltwsRLcg9I0Dp0XhU8E2W7UscIYMwbGCtg8jD8UO/VMPBaXoxMH3Fti0Fqkl7M/aaxbOLKrB59ADxESQvGJ66UGUTqq4BBBkBBMfo6rSieHQC0O3GXW/AC8hE8wuzzSZnPsodd8Ehj9+agmy949XxqzT1X7Wbt6Yphw4zD6ifLgEpsQDtm01lUyqAk/Hytqes2nBPEhkO2vhSuFI1uMw5dw8zGTdxva9bUG2Wzh1lzSTKg72fQw3OaS0QraPa8DkZal/pNDPPVvEmlI5yGlGtuD0fsFSBuKBPjIYkZSOmb8UOCpKz7jkIZ1lyiHxtJtjWDXvU59mc9DP2GqfPRjE55am9e3DbimHHvIqWw== malillog@gmail.com",
            "tags": null
          },
          "private": "eyJzY2hlbWFfdmVyc2lvbiI6IjEifQ=="
        }
      ]
    },
    {
      "module": "module.aws_entorno",
      "mode": "managed",
      "type": "aws_main_route_table_association",
      "name": "rtasociacion",
      "provider": "provider[\"registry.terraform.io/hashicorp/aws\"]",
      "instances": [
        {
          "schema_version": 0,
          "attributes": {
            "id": "rtbassoc-08b2c538ed25cd45b",
            "original_route_table_id": "rtb-0551512a0d1fc0f21",
            "route_table_id": "rtb-04b3a0d38a4bbb171",
            "vpc_id": "vpc-04004864af0a15114"
          },
          "private": "bnVsbA==",
          "dependencies": [
            "module.aws_entorno.aws_internet_gateway.gw",
            "module.aws_entorno.aws_route_table.miTablaRoute",
            "module.aws_entorno.aws_vpc.mivpc"
          ]
        }
      ]
    },
    {
      "module": "module.aws_entorno",
      "mode": "managed",
      "type": "aws_route_table",
      "name": "miTablaRoute",
      "provider": "provider[\"registry.terraform.io/hashicorp/aws\"]",
      "instances": [
        {
          "schema_version": 0,
          "attributes": {
            "id": "rtb-04b3a0d38a4bbb171",
            "owner_id": "551915360552",
            "propagating_vgws": [],
            "route": [
              {
                "cidr_block": "0.0.0.0/0",
                "egress_only_gateway_id": "",
                "gateway_id": "igw-02ec36195904fee6b",
                "instance_id": "",
                "ipv6_cidr_block": "",
                "local_gateway_id": "",
                "nat_gateway_id": "",
                "network_interface_id": "",
                "transit_gateway_id": "",
                "vpc_peering_connection_id": ""
              }
            ],
            "tags": null,
            "vpc_id": "vpc-04004864af0a15114"
          },
          "private": "bnVsbA==",
          "dependencies": [
            "module.aws_entorno.aws_internet_gateway.gw",
            "module.aws_entorno.aws_vpc.mivpc"
          ]
        }
      ]
    },
    {
      "module": "module.aws_entorno",
      "mode": "managed",
      "type": "aws_security_group",
      "name": "allow_ssh",
      "provider": "provider[\"registry.terraform.io/hashicorp/aws\"]",
      "instances": [
        {
          "schema_version": 1,
          "attributes": {
            "arn": "arn:aws:ec2:us-east-1:551915360552:security-group/sg-09c536f0c7b64ad43",
            "description": "SG sgDesarrollo",
            "egress": [
              {
                "cidr_blocks": [
                  "0.0.0.0/0"
                ],
                "description": "",
                "from_port": 0,
                "ipv6_cidr_blocks": [],
                "prefix_list_ids": [],
                "protocol": "-1",
                "security_groups": [],
                "self": false,
                "to_port": 0
              }
            ],
            "id": "sg-09c536f0c7b64ad43",
            "ingress": [
              {
                "cidr_blocks": [
                  "0.0.0.0/0"
                ],
                "description": "ssh from VPC",
                "from_port": 22,
                "ipv6_cidr_blocks": [],
                "prefix_list_ids": [],
                "protocol": "tcp",
                "security_groups": [],
                "self": false,
                "to_port": 22
              }
            ],
            "name": "sgDesarrollo",
            "name_prefix": "",
            "owner_id": "551915360552",
            "revoke_rules_on_delete": false,
            "tags": {
              "Name": "allow_ssh"
            },
            "timeouts": null,
            "vpc_id": "vpc-04004864af0a15114"
          },
          "private": "eyJlMmJmYjczMC1lY2FhLTExZTYtOGY4OC0zNDM2M2JjN2M0YzAiOnsiY3JlYXRlIjo2MDAwMDAwMDAwMDAsImRlbGV0ZSI6NjAwMDAwMDAwMDAwfSwic2NoZW1hX3ZlcnNpb24iOiIxIn0=",
          "dependencies": [
            "module.aws_entorno.aws_vpc.mivpc"
          ]
        }
      ]
    },
    {
      "module": "module.aws_entorno",
      "mode": "managed",
      "type": "aws_subnet",
      "name": "subred1",
      "provider": "provider[\"registry.terraform.io/hashicorp/aws\"]",
      "instances": [
        {
          "schema_version": 1,
          "attributes": {
            "arn": "arn:aws:ec2:us-east-1:551915360552:subnet/subnet-0b94d36e4017d8aa2",
            "assign_ipv6_address_on_creation": false,
            "availability_zone": "us-east-1c",
            "availability_zone_id": "use1-az4",
            "cidr_block": "10.60.1.0/24",
            "id": "subnet-0b94d36e4017d8aa2",
            "ipv6_cidr_block": "",
            "ipv6_cidr_block_association_id": "",
            "map_public_ip_on_launch": true,
            "outpost_arn": "",
            "owner_id": "551915360552",
            "tags": {
              "Name": "misubnet"
            },
            "timeouts": null,
            "vpc_id": "vpc-04004864af0a15114"
          },
          "private": "eyJlMmJmYjczMC1lY2FhLTExZTYtOGY4OC0zNDM2M2JjN2M0YzAiOnsiY3JlYXRlIjo2MDAwMDAwMDAwMDAsImRlbGV0ZSI6MTIwMDAwMDAwMDAwMH0sInNjaGVtYV92ZXJzaW9uIjoiMSJ9",
          "dependencies": [
            "module.aws_entorno.aws_vpc.mivpc"
          ]
        }
      ]
    },
    {
      "module": "module.aws_entorno",
      "mode": "managed",
      "type": "aws_vpc",
      "name": "mivpc",
      "provider": "provider[\"registry.terraform.io/hashicorp/aws\"]",
      "instances": [
        {
          "schema_version": 1,
          "attributes": {
            "arn": "arn:aws:ec2:us-east-1:551915360552:vpc/vpc-04004864af0a15114",
            "assign_generated_ipv6_cidr_block": false,
            "cidr_block": "10.60.0.0/16",
            "default_network_acl_id": "acl-0e03780bf3e816872",
            "default_route_table_id": "rtb-0551512a0d1fc0f21",
            "default_security_group_id": "sg-0e49205be745e21b2",
            "dhcp_options_id": "dopt-0a150d68",
            "enable_classiclink": false,
            "enable_classiclink_dns_support": false,
            "enable_dns_hostnames": false,
            "enable_dns_support": true,
            "id": "vpc-04004864af0a15114",
            "instance_tenancy": "default",
            "ipv6_association_id": "",
            "ipv6_cidr_block": "",
            "main_route_table_id": "rtb-0551512a0d1fc0f21",
            "owner_id": "551915360552",
            "tags": {
              "Name": "mivpc"
            }
          },
          "private": "eyJzY2hlbWFfdmVyc2lvbiI6IjEifQ=="
        }
      ]
    }
  ]
}
